github.com/studiolampblack/typographical-hugo v0.0.0-20260516145620-075c185bb33a h1:ilmpBQUZKZ70ZL5OnMU7rsalcVg+R2m36ErngpIhzKE=
github.com/studiolampblack/typographical-hugo v0.0.0-20260516145620-075c185bb33a/go.mod h1:b8FSw72V6ebl+jKh3N91ILsyxjcBkJQYWxXLMskfKDU=
github.com/studiolampblack/typographical-hugo v0.0.0-20260517041616-cd1c4e7ab5c9 h1:5QpiuC1hw5ciU2up+k4on4E+166qBpXwy+EoGkKtuOs=
github.com/studiolampblack/typographical-hugo v0.0.0-20260517041616-cd1c4e7ab5c9/go.mod h1:b8FSw72V6ebl+jKh3N91ILsyxjcBkJQYWxXLMskfKDU=
